
Microsoft Visual Studio Solution File, Format Version 12.00
# Visual Studio Version 16
VisualStudioVersion = 25.0.1706.1
MinimumVisualStudioVersion = 10.0.40219.1
Project("{FAE04EC0-301F-11D3-BF4B-00C04F79EFBC}") = "Marathon", "Marathon\Marathon.csproj", "{2784B80B-43BB-41FF-9328-DBEC33DE98DF}"
EndProject
Global
	GlobalSection(SolutionConfigurationPlatforms) = preSolution
		Debug|Any CPU = Debug|Any CPU
		Release|Any CPU = Release|Any CPU
	EndGlobalSection
	GlobalSection(ProjectConfigurationPlatforms) = postSolution
		{2784B80B-43BB-41FF-9328-DBEC33DE98DF}.Debug|Any CPU.ActiveCfg = Debug|Any CPU
		{2784B80B-43BB-41FF-9328-DBEC33DE98DF}.Debug|Any CPU.Build.0 = Debug|Any CPU
		{2784B80B-43BB-41FF-9328-DBEC33DE98DF}.Release|Any CPU.ActiveCfg = Release|Any CPU
		{2784B80B-43BB-41FF-9328-DBEC33DE98DF}.Release|Any CPU.Build.0 = Release|Any CPU
	EndGlobalSection
	GlobalSection(SolutionProperties) = preSolution
		HideSolutionNode = FALSE
	EndGlobalSection
	GlobalSection(ExtensibilityGlobals) = postSolution
		SolutionGuid = {8A518715-AA24-4BEB-A760-FF7E40B7048A}
	EndGlobalSection
EndGlobal
