
Microsoft Visual Studio Solution File, Format Version 12.00
# Visual Studio Version 16
VisualStudioVersion = 25.0.1706.1
MinimumVisualStudioVersion = 10.0.40219.1
Project("{FAE04EC0-301F-11D3-BF4B-00C04F79EFBC}") = "HelloWorld", "HelloWorld\HelloWorld.csproj", "{2F735750-E73C-4308-9BD8-855E1F625FEE}"
EndProject
Global
	GlobalSection(SolutionConfigurationPlatforms) = preSolution
		Debug|Any CPU = Debug|Any CPU
		Release|Any CPU = Release|Any CPU
	EndGlobalSection
	GlobalSection(ProjectConfigurationPlatforms) = postSolution
		{2F735750-E73C-4308-9BD8-855E1F625FEE}.Debug|Any CPU.ActiveCfg = Debug|Any CPU
		{2F735750-E73C-4308-9BD8-855E1F625FEE}.Debug|Any CPU.Build.0 = Debug|Any CPU
		{2F735750-E73C-4308-9BD8-855E1F625FEE}.Release|Any CPU.ActiveCfg = Release|Any CPU
		{2F735750-E73C-4308-9BD8-855E1F625FEE}.Release|Any CPU.Build.0 = Release|Any CPU
	EndGlobalSection
	GlobalSection(SolutionProperties) = preSolution
		HideSolutionNode = FALSE
	EndGlobalSection
	GlobalSection(ExtensibilityGlobals) = postSolution
		SolutionGuid = {B8ED4871-99F9-43A3-AEFC-E72122BC9420}
	EndGlobalSection
EndGlobal
