
Microsoft Visual Studio Solution File, Format Version 12.00
# Visual Studio Version 16
VisualStudioVersion = 25.0.1706.1
MinimumVisualStudioVersion = 10.0.40219.1
Project("{FAE04EC0-301F-11D3-BF4B-00C04F79EFBC}") = "Calculator", "Calculator\Calculator.csproj", "{714555FB-AA7A-4A03-8DB1-7FFBE49CFC38}"
EndProject
Global
	GlobalSection(SolutionConfigurationPlatforms) = preSolution
		Debug|Any CPU = Debug|Any CPU
		Release|Any CPU = Release|Any CPU
	EndGlobalSection
	GlobalSection(ProjectConfigurationPlatforms) = postSolution
		{714555FB-AA7A-4A03-8DB1-7FFBE49CFC38}.Debug|Any CPU.ActiveCfg = Debug|Any CPU
		{714555FB-AA7A-4A03-8DB1-7FFBE49CFC38}.Debug|Any CPU.Build.0 = Debug|Any CPU
		{714555FB-AA7A-4A03-8DB1-7FFBE49CFC38}.Release|Any CPU.ActiveCfg = Release|Any CPU
		{714555FB-AA7A-4A03-8DB1-7FFBE49CFC38}.Release|Any CPU.Build.0 = Release|Any CPU
	EndGlobalSection
	GlobalSection(SolutionProperties) = preSolution
		HideSolutionNode = FALSE
	EndGlobalSection
	GlobalSection(ExtensibilityGlobals) = postSolution
		SolutionGuid = {AB3B426C-28D3-4A30-A5AE-1753CD38A878}
	EndGlobalSection
EndGlobal
